// !$*UTF8*$!
{
	archiveVersion = 1;
	classes = {
	};
	objectVersion = 55;
	objects = {

/* Begin PBXBuildFile section */
		65D1519228B2078800328084 /* AppDelegate.swift in Sources */ = {isa = PBXBuildFile; fileRef = 65D1519128B2078800328084 /* AppDelegate.swift */; };
		65D1519428B2078800328084 /* SceneDelegate.swift in Sources */ = {isa = PBXBuildFile; fileRef = 65D1519328B2078800328084 /* SceneDelegate.swift */; };
		65D1519928B2078800328084 /* Main.storyboard in Resources */ = {isa = PBXBuildFile; fileRef = 65D1519728B2078800328084 /* Main.storyboard */; };
		65D1519B28B2078B00328084 /* Assets.xcassets in Resources */ = {isa = PBXBuildFile; fileRef = 65D1519A28B2078B00328084 /* Assets.xcassets */; };
		65D1519E28B2078B00328084 /* LaunchScreen.storyboard in Resources */ = {isa = PBXBuildFile; fileRef = 65D1519C28B2078B00328084 /* LaunchScreen.storyboard */; };
		65D151A628B207BD00328084 /* MainProducts.swift in Sources */ = {isa = PBXBuildFile; fileRef = 65D151A528B207BD00328084 /* MainProducts.swift */; };
		65D151A928B2083200328084 /* Dynamic.swift in Sources */ = {isa = PBXBuildFile; fileRef = 65D151A828B2083200328084 /* Dynamic.swift */; };
		65D151AB28B209DC00328084 /* MainViewModel.swift in Sources */ = {isa = PBXBuildFile; fileRef = 65D151AA28B209DC00328084 /* MainViewModel.swift */; };
		65D151AF28B20B3100328084 /* Constants.swift in Sources */ = {isa = PBXBuildFile; fileRef = 65D151AE28B20B3100328084 /* Constants.swift */; };
		65D151F428B210E000328084 /* MarkPro-ThinItalic.otf in Resources */ = {isa = PBXBuildFile; fileRef = 65D151F128B210A400328084 /* MarkPro-ThinItalic.otf */; };
		65D151F528B210E000328084 /* MarkPro-HairlineItalic.otf in Resources */ = {isa = PBXBuildFile; fileRef = 65D151E428B210A400328084 /* MarkPro-HairlineItalic.otf */; };
		65D151F628B210E000328084 /* MarkPro.otf in Resources */ = {isa = PBXBuildFile; fileRef = 65D151E128B210A400328084 /* MarkPro.otf */; };
		65D151F728B210E000328084 /* MarkPro-BlackItalic.otf in Resources */ = {isa = PBXBuildFile; fileRef = 65D151DE28B210A400328084 /* MarkPro-BlackItalic.otf */; };
		65D151F828B210E000328084 /* MarkPro-BookItalic.otf in Resources */ = {isa = PBXBuildFile; fileRef = 65D151E528B210A400328084 /* MarkPro-BookItalic.otf */; };
		65D151F928B210E000328084 /* MarkPro-Black.otf in Resources */ = {isa = PBXBuildFile; fileRef = 65D151E728B210A400328084 /* MarkPro-Black.otf */; };
		65D151FA28B210E000328084 /* MarkPro-LightItalic.otf in Resources */ = {isa = PBXBuildFile; fileRef = 65D151EC28B210A400328084 /* MarkPro-LightItalic.otf */; };
		65D151FB28B210E000328084 /* MarkPro-BoldItalic.otf in Resources */ = {isa = PBXBuildFile; fileRef = 65D151ED28B210A400328084 /* MarkPro-BoldItalic.otf */; };
		65D151FC28B210E000328084 /* MarkPro-Light.otf in Resources */ = {isa = PBXBuildFile; fileRef = 65D151E028B210A400328084 /* MarkPro-Light.otf */; };
		65D151FD28B210E000328084 /* MarkPro-Book.otf in Resources */ = {isa = PBXBuildFile; fileRef = 65D151DF28B210A400328084 /* MarkPro-Book.otf */; };
		65D151FE28B210E000328084 /* MarkPro-HeavyItalic.otf in Resources */ = {isa = PBXBuildFile; fileRef = 65D151EA28B210A400328084 /* MarkPro-HeavyItalic.otf */; };
		65D151FF28B210E000328084 /* MarkPro-Heavy.otf in Resources */ = {isa = PBXBuildFile; fileRef = 65D151E228B210A400328084 /* MarkPro-Heavy.otf */; };
		65D1520028B210E000328084 /* MarkPro-Hairline.otf in Resources */ = {isa = PBXBuildFile; fileRef = 65D151E628B210A400328084 /* MarkPro-Hairline.otf */; };
		65D1520128B210E000328084 /* MarkPro-Thin.otf in Resources */ = {isa = PBXBuildFile; fileRef = 65D151F028B210A400328084 /* MarkPro-Thin.otf */; };
		65D1520228B210E100328084 /* MarkPro-ExtraLightItalic.otf in Resources */ = {isa = PBXBuildFile; fileRef = 65D151EB28B210A400328084 /* MarkPro-ExtraLightItalic.otf */; };
		65D1520328B210E100328084 /* MarkPro-Italic.otf in Resources */ = {isa = PBXBuildFile; fileRef = 65D151E828B210A400328084 /* MarkPro-Italic.otf */; };
		65D1520428B210E100328084 /* MarkPro-Medium.otf in Resources */ = {isa = PBXBuildFile; fileRef = 65D151E928B210A400328084 /* MarkPro-Medium.otf */; };
		65D1520528B210E100328084 /* MarkPro-MediumItalic.otf in Resources */ = {isa = PBXBuildFile; fileRef = 65D151EE28B210A400328084 /* MarkPro-MediumItalic.otf */; };
		65D1520628B210E100328084 /* MarkPro-ExtraLight.otf in Resources */ = {isa = PBXBuildFile; fileRef = 65D151EF28B210A400328084 /* MarkPro-ExtraLight.otf */; };
		65D1520728B210E100328084 /* MarkPro-Bold.otf in Resources */ = {isa = PBXBuildFile; fileRef = 65D151E328B210A400328084 /* MarkPro-Bold.otf */; };
		65D1520E28B236E400328084 /* MainViewController.swift in Sources */ = {isa = PBXBuildFile; fileRef = 65D1520D28B236E400328084 /* MainViewController.swift */; };
		65D1521328B237E800328084 /* CategoryViewCell.swift in Sources */ = {isa = PBXBuildFile; fileRef = 65D1521128B237E800328084 /* CategoryViewCell.swift */; };
		65D1521428B237E800328084 /* CategoryViewCell.xib in Resources */ = {isa = PBXBuildFile; fileRef = 65D1521228B237E800328084 /* CategoryViewCell.xib */; };
		65D1521728B23CC700328084 /* Category.swift in Sources */ = {isa = PBXBuildFile; fileRef = 65D1521628B23CC700328084 /* Category.swift */; };
/* End PBXBuildFile section */

/* Begin PBXFileReference section */
		65D1518E28B2078800328084 /* ECOMMERCE.app */ = {isa = PBXFileReference; explicitFileType = wrapper.application; includeInIndex = 0; path = ECOMMERCE.app; sourceTree = BUILT_PRODUCTS_DIR; };
		65D1519128B2078800328084 /* AppDelegate.swift */ = {isa = PBXFileReference; lastKnownFileType = sourcecode.swift; path = AppDelegate.swift; sourceTree = "<group>"; };
		65D1519328B2078800328084 /* SceneDelegate.swift */ = {isa = PBXFileReference; lastKnownFileType = sourcecode.swift; path = SceneDelegate.swift; sourceTree = "<group>"; };
		65D1519828B2078800328084 /* Base */ = {isa = PBXFileReference; lastKnownFileType = file.storyboard; name = Base; path = Base.lproj/Main.storyboard; sourceTree = "<group>"; };
		65D1519A28B2078B00328084 /* Assets.xcassets */ = {isa = PBXFileReference; lastKnownFileType = folder.assetcatalog; path = Assets.xcassets; sourceTree = "<group>"; };
		65D1519D28B2078B00328084 /* Base */ = {isa = PBXFileReference; lastKnownFileType = file.storyboard; name = Base; path = Base.lproj/LaunchScreen.storyboard; sourceTree = "<group>"; };
		65D1519F28B2078B00328084 /* Info.plist */ = {isa = PBXFileReference; lastKnownFileType = text.plist.xml; path = Info.plist; sourceTree = "<group>"; };
		65D151A528B207BD00328084 /* MainProducts.swift */ = {isa = PBXFileReference; lastKnownFileType = sourcecode.swift; path = MainProducts.swift; sourceTree = "<group>"; };
		65D151A828B2083200328084 /* Dynamic.swift */ = {isa = PBXFileReference; lastKnownFileType = sourcecode.swift; path = Dynamic.swift; sourceTree = "<group>"; };
		65D151AA28B209DC00328084 /* MainViewModel.swift */ = {isa = PBXFileReference; lastKnownFileType = sourcecode.swift; path = MainViewModel.swift; sourceTree = "<group>"; };
		65D151AE28B20B3100328084 /* Constants.swift */ = {isa = PBXFileReference; lastKnownFileType = sourcecode.swift; path = Constants.swift; sourceTree = "<group>"; };
		65D151DE28B210A400328084 /* MarkPro-BlackItalic.otf */ = {isa = PBXFileReference; lastKnownFileType = file; path = "MarkPro-BlackItalic.otf"; sourceTree = "<group>"; };
		65D151DF28B210A400328084 /* MarkPro-Book.otf */ = {isa = PBXFileReference; lastKnownFileType = file; path = "MarkPro-Book.otf"; sourceTree = "<group>"; };
		65D151E028B210A400328084 /* MarkPro-Light.otf */ = {isa = PBXFileReference; lastKnownFileType = file; path = "MarkPro-Light.otf"; sourceTree = "<group>"; };
		65D151E128B210A400328084 /* MarkPro.otf */ = {isa = PBXFileReference; lastKnownFileType = file; path = MarkPro.otf; sourceTree = "<group>"; };
		65D151E228B210A400328084 /* MarkPro-Heavy.otf */ = {isa = PBXFileReference; lastKnownFileType = file; path = "MarkPro-Heavy.otf"; sourceTree = "<group>"; };
		65D151E328B210A400328084 /* MarkPro-Bold.otf */ = {isa = PBXFileReference; lastKnownFileType = file; path = "MarkPro-Bold.otf"; sourceTree = "<group>"; };
		65D151E428B210A400328084 /* MarkPro-HairlineItalic.otf */ = {isa = PBXFileReference; lastKnownFileType = file; path = "MarkPro-HairlineItalic.otf"; sourceTree = "<group>"; };
		65D151E528B210A400328084 /* MarkPro-BookItalic.otf */ = {isa = PBXFileReference; lastKnownFileType = file; path = "MarkPro-BookItalic.otf"; sourceTree = "<group>"; };
		65D151E628B210A400328084 /* MarkPro-Hairline.otf */ = {isa = PBXFileReference; lastKnownFileType = file; path = "MarkPro-Hairline.otf"; sourceTree = "<group>"; };
		65D151E728B210A400328084 /* MarkPro-Black.otf */ = {isa = PBXFileReference; lastKnownFileType = file; path = "MarkPro-Black.otf"; sourceTree = "<group>"; };
		65D151E828B210A400328084 /* MarkPro-Italic.otf */ = {isa = PBXFileReference; lastKnownFileType = file; path = "MarkPro-Italic.otf"; sourceTree = "<group>"; };
		65D151E928B210A400328084 /* MarkPro-Medium.otf */ = {isa = PBXFileReference; lastKnownFileType = file; path = "MarkPro-Medium.otf"; sourceTree = "<group>"; };
		65D151EA28B210A400328084 /* MarkPro-HeavyItalic.otf */ = {isa = PBXFileReference; lastKnownFileType = file; path = "MarkPro-HeavyItalic.otf"; sourceTree = "<group>"; };
		65D151EB28B210A400328084 /* MarkPro-ExtraLightItalic.otf */ = {isa = PBXFileReference; lastKnownFileType = file; path = "MarkPro-ExtraLightItalic.otf"; sourceTree = "<group>"; };
		65D151EC28B210A400328084 /* MarkPro-LightItalic.otf */ = {isa = PBXFileReference; lastKnownFileType = file; path = "MarkPro-LightItalic.otf"; sourceTree = "<group>"; };
		65D151ED28B210A400328084 /* MarkPro-BoldItalic.otf */ = {isa = PBXFileReference; lastKnownFileType = file; path = "MarkPro-BoldItalic.otf"; sourceTree = "<group>"; };
		65D151EE28B210A400328084 /* MarkPro-MediumItalic.otf */ = {isa = PBXFileReference; lastKnownFileType = file; path = "MarkPro-MediumItalic.otf"; sourceTree = "<group>"; };
		65D151EF28B210A400328084 /* MarkPro-ExtraLight.otf */ = {isa = PBXFileReference; lastKnownFileType = file; path = "MarkPro-ExtraLight.otf"; sourceTree = "<group>"; };
		65D151F028B210A400328084 /* MarkPro-Thin.otf */ = {isa = PBXFileReference; lastKnownFileType = file; path = "MarkPro-Thin.otf"; sourceTree = "<group>"; };
		65D151F128B210A400328084 /* MarkPro-ThinItalic.otf */ = {isa = PBXFileReference; lastKnownFileType = file; path = "MarkPro-ThinItalic.otf"; sourceTree = "<group>"; };
		65D1520D28B236E400328084 /* MainViewController.swift */ = {isa = PBXFileReference; lastKnownFileType = sourcecode.swift; path = MainViewController.swift; sourceTree = "<group>"; };
		65D1521128B237E800328084 /* CategoryViewCell.swift */ = {isa = PBXFileReference; lastKnownFileType = sourcecode.swift; path = CategoryViewCell.swift; sourceTree = "<group>"; };
		65D1521228B237E800328084 /* CategoryViewCell.xib */ = {isa = PBXFileReference; lastKnownFileType = file.xib; path = CategoryViewCell.xib; sourceTree = "<group>"; };
		65D1521628B23CC700328084 /* Category.swift */ = {isa = PBXFileReference; lastKnownFileType = sourcecode.swift; path = Category.swift; sourceTree = "<group>"; };
/* End PBXFileReference section */

/* Begin PBXFrameworksBuildPhase section */
		65D1518B28B2078800328084 /* Frameworks */ = {
			isa = PBXFrameworksBuildPhase;
			buildActionMask = 2147483647;
			files = (
			);
			runOnlyForDeploymentPostprocessing = 0;
		};
/* End PBXFrameworksBuildPhase section */

/* Begin PBXGroup section */
		65D1518528B2078700328084 = {
			isa = PBXGroup;
			children = (
				65D1519028B2078800328084 /* ECOMMERCE */,
				65D1518F28B2078800328084 /* Products */,
			);
			sourceTree = "<group>";
		};
		65D1518F28B2078800328084 /* Products */ = {
			isa = PBXGroup;
			children = (
				65D1518E28B2078800328084 /* ECOMMERCE.app */,
			);
			name = Products;
			sourceTree = "<group>";
		};
		65D1519028B2078800328084 /* ECOMMERCE */ = {
			isa = PBXGroup;
			children = (
				65D1519128B2078800328084 /* AppDelegate.swift */,
				65D1519328B2078800328084 /* SceneDelegate.swift */,
				65D1520A28B213E700328084 /* Supporting files */,
				65D151A728B207C500328084 /* Models */,
				65D151AC28B20B0F00328084 /* ViewModels */,
				65D151B028B20C6F00328084 /* Views */,
				65D1519A28B2078B00328084 /* Assets.xcassets */,
				65D1519F28B2078B00328084 /* Info.plist */,
			);
			path = ECOMMERCE;
			sourceTree = "<group>";
		};
		65D151A728B207C500328084 /* Models */ = {
			isa = PBXGroup;
			children = (
				65D151A528B207BD00328084 /* MainProducts.swift */,
				65D1521628B23CC700328084 /* Category.swift */,
			);
			path = Models;
			sourceTree = "<group>";
		};
		65D151AC28B20B0F00328084 /* ViewModels */ = {
			isa = PBXGroup;
			children = (
				65D151AD28B20B2000328084 /* Binding */,
				65D151AA28B209DC00328084 /* MainViewModel.swift */,
			);
			path = ViewModels;
			sourceTree = "<group>";
		};
		65D151AD28B20B2000328084 /* Binding */ = {
			isa = PBXGroup;
			children = (
				65D151A828B2083200328084 /* Dynamic.swift */,
			);
			path = Binding;
			sourceTree = "<group>";
		};
		65D151B028B20C6F00328084 /* Views */ = {
			isa = PBXGroup;
			children = (
				65D151B128B20C7900328084 /* Storyboards */,
				65D1520D28B236E400328084 /* MainViewController.swift */,
				65D1521528B23A5A00328084 /* CategoryCell */,
			);
			path = Views;
			sourceTree = "<group>";
		};
		65D151B128B20C7900328084 /* Storyboards */ = {
			isa = PBXGroup;
			children = (
				65D1519728B2078800328084 /* Main.storyboard */,
				65D1519C28B2078B00328084 /* LaunchScreen.storyboard */,
			);
			path = Storyboards;
			sourceTree = "<group>";
		};
		65D151F228B210B200328084 /* Fonts */ = {
			isa = PBXGroup;
			children = (
				65D151F328B210C600328084 /* Mark Pro */,
			);
			path = Fonts;
			sourceTree = "<group>";
		};
		65D151F328B210C600328084 /* Mark Pro */ = {
			isa = PBXGroup;
			children = (
				65D151E728B210A400328084 /* MarkPro-Black.otf */,
				65D151DE28B210A400328084 /* MarkPro-BlackItalic.otf */,
				65D151E328B210A400328084 /* MarkPro-Bold.otf */,
				65D151ED28B210A400328084 /* MarkPro-BoldItalic.otf */,
				65D151DF28B210A400328084 /* MarkPro-Book.otf */,
				65D151E528B210A400328084 /* MarkPro-BookItalic.otf */,
				65D151EF28B210A400328084 /* MarkPro-ExtraLight.otf */,
				65D151EB28B210A400328084 /* MarkPro-ExtraLightItalic.otf */,
				65D151E628B210A400328084 /* MarkPro-Hairline.otf */,
				65D151E428B210A400328084 /* MarkPro-HairlineItalic.otf */,
				65D151E228B210A400328084 /* MarkPro-Heavy.otf */,
				65D151EA28B210A400328084 /* MarkPro-HeavyItalic.otf */,
				65D151E828B210A400328084 /* MarkPro-Italic.otf */,
				65D151E028B210A400328084 /* MarkPro-Light.otf */,
				65D151EC28B210A400328084 /* MarkPro-LightItalic.otf */,
				65D151E928B210A400328084 /* MarkPro-Medium.otf */,
				65D151EE28B210A400328084 /* MarkPro-MediumItalic.otf */,
				65D151F028B210A400328084 /* MarkPro-Thin.otf */,
				65D151F128B210A400328084 /* MarkPro-ThinItalic.otf */,
				65D151E128B210A400328084 /* MarkPro.otf */,
			);
			path = "Mark Pro";
			sourceTree = "<group>";
		};
		65D1520A28B213E700328084 /* Supporting files */ = {
			isa = PBXGroup;
			children = (
				65D151F228B210B200328084 /* Fonts */,
				65D151AE28B20B3100328084 /* Constants.swift */,
			);
			path = "Supporting files";
			sourceTree = "<group>";
		};
		65D1521528B23A5A00328084 /* CategoryCell */ = {
			isa = PBXGroup;
			children = (
				65D1521128B237E800328084 /* CategoryViewCell.swift */,
				65D1521228B237E800328084 /* CategoryViewCell.xib */,
			);
			path = CategoryCell;
			sourceTree = "<group>";
		};
/* End PBXGroup section */

/* Begin PBXNativeTarget section */
		65D1518D28B2078800328084 /* ECOMMERCE */ = {
			isa = PBXNativeTarget;
			buildConfigurationList = 65D151A228B2078B00328084 /* Build configuration list for PBXNativeTarget "ECOMMERCE" */;
			buildPhases = (
				65D1518A28B2078800328084 /* Sources */,
				65D1518B28B2078800328084 /* Frameworks */,
				65D1518C28B2078800328084 /* Resources */,
			);
			buildRules = (
			);
			dependencies = (
			);
			name = ECOMMERCE;
			packageProductDependencies = (
			);
			productName = ECOMMERCE;
			productReference = 65D1518E28B2078800328084 /* ECOMMERCE.app */;
			productType = "com.apple.product-type.application";
		};
/* End PBXNativeTarget section */

/* Begin PBXProject section */
		65D1518628B2078700328084 /* Project object */ = {
			isa = PBXProject;
			attributes = {
				BuildIndependentTargetsInParallel = 1;
				LastSwiftUpdateCheck = 1340;
				LastUpgradeCheck = 1340;
				TargetAttributes = {
					65D1518D28B2078800328084 = {
						CreatedOnToolsVersion = 13.4.1;
					};
				};
			};
			buildConfigurationList = 65D1518928B2078700328084 /* Build configuration list for PBXProject "ECOMMERCE" */;
			compatibilityVersion = "Xcode 13.0";
			developmentRegion = en;
			hasScannedForEncodings = 0;
			knownRegions = (
				en,
				Base,
			);
			mainGroup = 65D1518528B2078700328084;
			packageReferences = (
			);
			productRefGroup = 65D1518F28B2078800328084 /* Products */;
			projectDirPath = "";
			projectRoot = "";
			targets = (
				65D1518D28B2078800328084 /* ECOMMERCE */,
			);
		};
/* End PBXProject section */

/* Begin PBXResourcesBuildPhase section */
		65D1518C28B2078800328084 /* Resources */ = {
			isa = PBXResourcesBuildPhase;
			buildActionMask = 2147483647;
			files = (
				65D1520628B210E100328084 /* MarkPro-ExtraLight.otf in Resources */,
				65D1520028B210E000328084 /* MarkPro-Hairline.otf in Resources */,
				65D151F928B210E000328084 /* MarkPro-Black.otf in Resources */,
				65D151FD28B210E000328084 /* MarkPro-Book.otf in Resources */,
				65D1520128B210E000328084 /* MarkPro-Thin.otf in Resources */,
				65D151FC28B210E000328084 /* MarkPro-Light.otf in Resources */,
				65D1521428B237E800328084 /* CategoryViewCell.xib in Resources */,
				65D151FF28B210E000328084 /* MarkPro-Heavy.otf in Resources */,
				65D151FB28B210E000328084 /* MarkPro-BoldItalic.otf in Resources */,
				65D1519E28B2078B00328084 /* LaunchScreen.storyboard in Resources */,
				65D1519B28B2078B00328084 /* Assets.xcassets in Resources */,
				65D151FA28B210E000328084 /* MarkPro-LightItalic.otf in Resources */,
				65D151F628B210E000328084 /* MarkPro.otf in Resources */,
				65D1519928B2078800328084 /* Main.storyboard in Resources */,
				65D151F528B210E000328084 /* MarkPro-HairlineItalic.otf in Resources */,
				65D151F428B210E000328084 /* MarkPro-ThinItalic.otf in Resources */,
				65D151F728B210E000328084 /* MarkPro-BlackItalic.otf in Resources */,
				65D151FE28B210E000328084 /* MarkPro-HeavyItalic.otf in Resources */,
				65D1520328B210E100328084 /* MarkPro-Italic.otf in Resources */,
				65D1520528B210E100328084 /* MarkPro-MediumItalic.otf in Resources */,
				65D1520228B210E100328084 /* MarkPro-ExtraLightItalic.otf in Resources */,
				65D151F828B210E000328084 /* MarkPro-BookItalic.otf in Resources */,
				65D1520728B210E100328084 /* MarkPro-Bold.otf in Resources */,
				65D1520428B210E100328084 /* MarkPro-Medium.otf in Resources */,
			);
			runOnlyForDeploymentPostprocessing = 0;
		};
/* End PBXResourcesBuildPhase section */

/* Begin PBXSourcesBuildPhase section */
		65D1518A28B2078800328084 /* Sources */ = {
			isa = PBXSourcesBuildPhase;
			buildActionMask = 2147483647;
			files = (
				65D1520E28B236E400328084 /* MainViewController.swift in Sources */,
				65D151A928B2083200328084 /* Dynamic.swift in Sources */,
				65D1521328B237E800328084 /* CategoryViewCell.swift in Sources */,
				65D1519228B2078800328084 /* AppDelegate.swift in Sources */,
				65D151A628B207BD00328084 /* MainProducts.swift in Sources */,
				65D1521728B23CC700328084 /* Category.swift in Sources */,
				65D151AF28B20B3100328084 /* Constants.swift in Sources */,
				65D1519428B2078800328084 /* SceneDelegate.swift in Sources */,
				65D151AB28B209DC00328084 /* MainViewModel.swift in Sources */,
			);
			runOnlyForDeploymentPostprocessing = 0;
		};
/* End PBXSourcesBuildPhase section */

/* Begin PBXVariantGroup section */
		65D1519728B2078800328084 /* Main.storyboard */ = {
			isa = PBXVariantGroup;
			children = (
				65D1519828B2078800328084 /* Base */,
			);
			name = Main.storyboard;
			sourceTree = "<group>";
		};
		65D1519C28B2078B00328084 /* LaunchScreen.storyboard */ = {
			isa = PBXVariantGroup;
			children = (
				65D1519D28B2078B00328084 /* Base */,
			);
			name = LaunchScreen.storyboard;
			sourceTree = "<group>";
		};
/* End PBXVariantGroup section */

/* Begin XCBuildConfiguration section */
		65D151A028B2078B00328084 /* Debug */ = {
			isa = XCBuildConfiguration;
			buildSettings = {
				ALWAYS_SEARCH_USER_PATHS = NO;
				CLANG_ANALYZER_NONNULL = YES;
				CLANG_ANALYZER_NUMBER_OBJECT_CONVERSION = YES_AGGRESSIVE;
				CLANG_CXX_LANGUAGE_STANDARD = "gnu++17";
				CLANG_ENABLE_MODULES = YES;
				CLANG_ENABLE_OBJC_ARC = YES;
				CLANG_ENABLE_OBJC_WEAK = YES;
				CLANG_WARN_BLOCK_CAPTURE_AUTORELEASING = YES;
				CLANG_WARN_BOOL_CONVERSION = YES;
				CLANG_WARN_COMMA = YES;
				CLANG_WARN_CONSTANT_CONVERSION = YES;
				CLANG_WARN_DEPRECATED_OBJC_IMPLEMENTATIONS = YES;
				CLANG_WARN_DIRECT_OBJC_ISA_USAGE = YES_ERROR;
				CLANG_WARN_DOCUMENTATION_COMMENTS = YES;
				CLANG_WARN_EMPTY_BODY = YES;
				CLANG_WARN_ENUM_CONVERSION = YES;
				CLANG_WARN_INFINITE_RECURSION = YES;
				CLANG_WARN_INT_CONVERSION = YES;
				CLANG_WARN_NON_LITERAL_NULL_CONVERSION = YES;
				CLANG_WARN_OBJC_IMPLICIT_RETAIN_SELF = YES;
				CLANG_WARN_OBJC_LITERAL_CONVERSION = YES;
				CLANG_WARN_OBJC_ROOT_CLASS = YES_ERROR;
				CLANG_WARN_QUOTED_INCLUDE_IN_FRAMEWORK_HEADER = YES;
				CLANG_WARN_RANGE_LOOP_ANALYSIS = YES;
				CLANG_WARN_STRICT_PROTOTYPES = YES;
				CLANG_WARN_SUSPICIOUS_MOVE = YES;
				CLANG_WARN_UNGUARDED_AVAILABILITY = YES_AGGRESSIVE;
				CLANG_WARN_UNREACHABLE_CODE = YES;
				CLANG_WARN__DUPLICATE_METHOD_MATCH = YES;
				COPY_PHASE_STRIP = NO;
				DEBUG_INFORMATION_FORMAT = dwarf;
				ENABLE_STRICT_OBJC_MSGSEND = YES;
				ENABLE_TESTABILITY = YES;
				GCC_C_LANGUAGE_STANDARD = gnu11;
				GCC_DYNAMIC_NO_PIC = NO;
				GCC_NO_COMMON_BLOCKS = YES;
				GCC_OPTIMIZATION_LEVEL = 0;
				GCC_PREPROCESSOR_DEFINITIONS = (
					"DEBUG=1",
					"$(inherited)",
				);
				GCC_WARN_64_TO_32_BIT_CONVERSION = YES;
				GCC_WARN_ABOUT_RETURN_TYPE = YES_ERROR;
				GCC_WARN_UNDECLARED_SELECTOR = YES;
				GCC_WARN_UNINITIALIZED_AUTOS = YES_AGGRESSIVE;
				GCC_WARN_UNUSED_FUNCTION = YES;
				GCC_WARN_UNUSED_VARIABLE = YES;
				IPHONEOS_DEPLOYMENT_TARGET = 15.5;
				MTL_ENABLE_DEBUG_INFO = INCLUDE_SOURCE;
				MTL_FAST_MATH = YES;
				ONLY_ACTIVE_ARCH = YES;
				SDKROOT = iphoneos;
				SWIFT_ACTIVE_COMPILATION_CONDITIONS = DEBUG;
				SWIFT_OPTIMIZATION_LEVEL = "-Onone";
			};
			name = Debug;
		};
		65D151A128B2078B00328084 /* Release */ = {
			isa = XCBuildConfiguration;
			buildSettings = {
				ALWAYS_SEARCH_USER_PATHS = NO;
				CLANG_ANALYZER_NONNULL = YES;
				CLANG_ANALYZER_NUMBER_OBJECT_CONVERSION = YES_AGGRESSIVE;
				CLANG_CXX_LANGUAGE_STANDARD = "gnu++17";
				CLANG_ENABLE_MODULES = YES;
				CLANG_ENABLE_OBJC_ARC = YES;
				CLANG_ENABLE_OBJC_WEAK = YES;
				CLANG_WARN_BLOCK_CAPTURE_AUTORELEASING = YES;
				CLANG_WARN_BOOL_CONVERSION = YES;
				CLANG_WARN_COMMA = YES;
				CLANG_WARN_CONSTANT_CONVERSION = YES;
				CLANG_WARN_DEPRECATED_OBJC_IMPLEMENTATIONS = YES;
				CLANG_WARN_DIRECT_OBJC_ISA_USAGE = YES_ERROR;
				CLANG_WARN_DOCUMENTATION_COMMENTS = YES;
				CLANG_WARN_EMPTY_BODY = YES;
				CLANG_WARN_ENUM_CONVERSION = YES;
				CLANG_WARN_INFINITE_RECURSION = YES;
				CLANG_WARN_INT_CONVERSION = YES;
				CLANG_WARN_NON_LITERAL_NULL_CONVERSION = YES;
				CLANG_WARN_OBJC_IMPLICIT_RETAIN_SELF = YES;
				CLANG_WARN_OBJC_LITERAL_CONVERSION = YES;
				CLANG_WARN_OBJC_ROOT_CLASS = YES_ERROR;
				CLANG_WARN_QUOTED_INCLUDE_IN_FRAMEWORK_HEADER = YES;
				CLANG_WARN_RANGE_LOOP_ANALYSIS = YES;
				CLANG_WARN_STRICT_PROTOTYPES = YES;
				CLANG_WARN_SUSPICIOUS_MOVE = YES;
				CLANG_WARN_UNGUARDED_AVAILABILITY = YES_AGGRESSIVE;
				CLANG_WARN_UNREACHABLE_CODE = YES;
				CLANG_WARN__DUPLICATE_METHOD_MATCH = YES;
				COPY_PHASE_STRIP = NO;
				DEBUG_INFORMATION_FORMAT = "dwarf-with-dsym";
				ENABLE_NS_ASSERTIONS = NO;
				ENABLE_STRICT_OBJC_MSGSEND = YES;
				GCC_C_LANGUAGE_STANDARD = gnu11;
				GCC_NO_COMMON_BLOCKS = YES;
				GCC_WARN_64_TO_32_BIT_CONVERSION = YES;
				GCC_WARN_ABOUT_RETURN_TYPE = YES_ERROR;
				GCC_WARN_UNDECLARED_SELECTOR = YES;
				GCC_WARN_UNINITIALIZED_AUTOS = YES_AGGRESSIVE;
				GCC_WARN_UNUSED_FUNCTION = YES;
				GCC_WARN_UNUSED_VARIABLE = YES;
				IPHONEOS_DEPLOYMENT_TARGET = 15.5;
				MTL_ENABLE_DEBUG_INFO = NO;
				MTL_FAST_MATH = YES;
				SDKROOT = iphoneos;
				SWIFT_COMPILATION_MODE = wholemodule;
				SWIFT_OPTIMIZATION_LEVEL = "-O";
				VALIDATE_PRODUCT = YES;
			};
			name = Release;
		};
		65D151A328B2078B00328084 /* Debug */ = {
			isa = XCBuildConfiguration;
			buildSettings = {
				ASSETCATALOG_COMPILER_APPICON_NAME = AppIcon;
				ASSETCATALOG_COMPILER_GLOBAL_ACCENT_COLOR_NAME = AccentColor;
				CODE_SIGN_STYLE = Automatic;
				CURRENT_PROJECT_VERSION = 1;
				DEVELOPMENT_TEAM = 9D3QPUYX6Q;
				GENERATE_INFOPLIST_FILE = YES;
				INFOPLIST_FILE = ECOMMERCE/Info.plist;
				INFOPLIST_KEY_UIApplicationSupportsIndirectInputEvents = YES;
				INFOPLIST_KEY_UILaunchStoryboardName = LaunchScreen;
				INFOPLIST_KEY_UIMainStoryboardFile = Main;
				INFOPLIST_KEY_UISupportedInterfaceOrientations = UIInterfaceOrientationPortrait;
				INFOPLIST_KEY_UISupportedInterfaceOrientations_iPad = "UIInterfaceOrientationPortrait UIInterfaceOrientationPortraitUpsideDown UIInterfaceOrientationLandscapeLeft UIInterfaceOrientationLandscapeRight";
				INFOPLIST_KEY_UISupportedInterfaceOrientations_iPhone = "UIInterfaceOrientationPortrait UIInterfaceOrientationLandscapeLeft UIInterfaceOrientationLandscapeRight";
				LD_RUNPATH_SEARCH_PATHS = (
					"$(inherited)",
					"@executable_path/Frameworks",
				);
				MARKETING_VERSION = 1.0;
				PRODUCT_BUNDLE_IDENTIFIER = com.danieltvorun.ECOMMERCE;
				PRODUCT_NAME = "$(TARGET_NAME)";
				SWIFT_EMIT_LOC_STRINGS = YES;
				SWIFT_VERSION = 5.0;
				TARGETED_DEVICE_FAMILY = 1;
			};
			name = Debug;
		};
		65D151A428B2078B00328084 /* Release */ = {
			isa = XCBuildConfiguration;
			buildSettings = {
				ASSETCATALOG_COMPILER_APPICON_NAME = AppIcon;
				ASSETCATALOG_COMPILER_GLOBAL_ACCENT_COLOR_NAME = AccentColor;
				CODE_SIGN_STYLE = Automatic;
				CURRENT_PROJECT_VERSION = 1;
				DEVELOPMENT_TEAM = 9D3QPUYX6Q;
				GENERATE_INFOPLIST_FILE = YES;
				INFOPLIST_FILE = ECOMMERCE/Info.plist;
				INFOPLIST_KEY_UIApplicationSupportsIndirectInputEvents = YES;
				INFOPLIST_KEY_UILaunchStoryboardName = LaunchScreen;
				INFOPLIST_KEY_UIMainStoryboardFile = Main;
				INFOPLIST_KEY_UISupportedInterfaceOrientations = UIInterfaceOrientationPortrait;
				INFOPLIST_KEY_UISupportedInterfaceOrientations_iPad = "UIInterfaceOrientationPortrait UIInterfaceOrientationPortraitUpsideDown UIInterfaceOrientationLandscapeLeft UIInterfaceOrientationLandscapeRight";
				INFOPLIST_KEY_UISupportedInterfaceOrientations_iPhone = "UIInterfaceOrientationPortrait UIInterfaceOrientationLandscapeLeft UIInterfaceOrientationLandscapeRight";
				LD_RUNPATH_SEARCH_PATHS = (
					"$(inherited)",
					"@executable_path/Frameworks",
				);
				MARKETING_VERSION = 1.0;
				PRODUCT_BUNDLE_IDENTIFIER = com.danieltvorun.ECOMMERCE;
				PRODUCT_NAME = "$(TARGET_NAME)";
				SWIFT_EMIT_LOC_STRINGS = YES;
				SWIFT_VERSION = 5.0;
				TARGETED_DEVICE_FAMILY = 1;
			};
			name = Release;
		};
/* End XCBuildConfiguration section */

/* Begin XCConfigurationList section */
		65D1518928B2078700328084 /* Build configuration list for PBXProject "ECOMMERCE" */ = {
			isa = XCConfigurationList;
			buildConfigurations = (
				65D151A028B2078B00328084 /* Debug */,
				65D151A128B2078B00328084 /* Release */,
			);
			defaultConfigurationIsVisible = 0;
			defaultConfigurationName = Release;
		};
		65D151A228B2078B00328084 /* Build configuration list for PBXNativeTarget "ECOMMERCE" */ = {
			isa = XCConfigurationList;
			buildConfigurations = (
				65D151A328B2078B00328084 /* Debug */,
				65D151A428B2078B00328084 /* Release */,
			);
			defaultConfigurationIsVisible = 0;
			defaultConfigurationName = Release;
		};
/* End XCConfigurationList section */
	};
	rootObject = 65D1518628B2078700328084 /* Project object */;
}
